// !$*UTF8*$!
{
	archiveVersion = 1;
	classes = {
	};
	objectVersion = 46;
	objects = {

/* Begin PBXBuildFile section */
		6D26DD181E6667A000890AAC /* AppDelegate.swift in Sources */ = {isa = PBXBuildFile; fileRef = 6D26DD171E6667A000890AAC /* AppDelegate.swift */; };
		6D26DD1D1E6667A000890AAC /* Main.storyboard in Resources */ = {isa = PBXBuildFile; fileRef = 6D26DD1B1E6667A000890AAC /* Main.storyboard */; };
		6D26DD1F1E6667A000890AAC /* Assets.xcassets in Resources */ = {isa = PBXBuildFile; fileRef = 6D26DD1E1E6667A000890AAC /* Assets.xcassets */; };
		6D26DD221E6667A000890AAC /* LaunchScreen.storyboard in Resources */ = {isa = PBXBuildFile; fileRef = 6D26DD201E6667A000890AAC /* LaunchScreen.storyboard */; };
		6D26DD2A1E666AB000890AAC /* RootViewController.swift in Sources */ = {isa = PBXBuildFile; fileRef = 6D26DD291E666AB000890AAC /* RootViewController.swift */; };
		6D26DD2C1E666B4D00890AAC /* FavoritesList.swift in Sources */ = {isa = PBXBuildFile; fileRef = 6D26DD2B1E666B4D00890AAC /* FavoritesList.swift */; };
/* End PBXBuildFile section */

/* Begin PBXFileReference section */
		6D26DD141E6667A000890AAC /* Fonts.app */ = {isa = PBXFileReference; explicitFileType = wrapper.application; includeInIndex = 0; path = Fonts.app; sourceTree = BUILT_PRODUCTS_DIR; };
		6D26DD171E6667A000890AAC /* AppDelegate.swift */ = {isa = PBXFileReference; lastKnownFileType = sourcecode.swift; path = AppDelegate.swift; sourceTree = "<group>"; };
		6D26DD1C1E6667A000890AAC /* Base */ = {isa = PBXFileReference; lastKnownFileType = file.storyboard; name = Base; path = Base.lproj/Main.storyboard; sourceTree = "<group>"; };
		6D26DD1E1E6667A000890AAC /* Assets.xcassets */ = {isa = PBXFileReference; lastKnownFileType = folder.assetcatalog; path = Assets.xcassets; sourceTree = "<group>"; };
		6D26DD211E6667A000890AAC /* Base */ = {isa = PBXFileReference; lastKnownFileType = file.storyboard; name = Base; path = Base.lproj/LaunchScreen.storyboard; sourceTree = "<group>"; };
		6D26DD231E6667A000890AAC /* Info.plist */ = {isa = PBXFileReference; lastKnownFileType = text.plist.xml; path = Info.plist; sourceTree = "<group>"; };
		6D26DD291E666AB000890AAC /* RootViewController.swift */ = {isa = PBXFileReference; fileEncoding = 4; lastKnownFileType = sourcecode.swift; path = RootViewController.swift; sourceTree = "<group>"; };
		6D26DD2B1E666B4D00890AAC /* FavoritesList.swift */ = {isa = PBXFileReference; fileEncoding = 4; lastKnownFileType = sourcecode.swift; path = FavoritesList.swift; sourceTree = "<group>"; };
/* End PBXFileReference section */

/* Begin PBXFrameworksBuildPhase section */
		6D26DD111E6667A000890AAC /* Frameworks */ = {
			isa = PBXFrameworksBuildPhase;
			buildActionMask = 2147483647;
			files = (
			);
			runOnlyForDeploymentPostprocessing = 0;
		};
/* End PBXFrameworksBuildPhase section */

/* Begin PBXGroup section */
		6D26DD0B1E6667A000890AAC = {
			isa = PBXGroup;
			children = (
				6D26DD161E6667A000890AAC /* Fonts */,
				6D26DD151E6667A000890AAC /* Products */,
			);
			sourceTree = "<group>";
		};
		6D26DD151E6667A000890AAC /* Products */ = {
			isa = PBXGroup;
			children = (
				6D26DD141E6667A000890AAC /* Fonts.app */,
			);
			name = Products;
			sourceTree = "<group>";
		};
		6D26DD161E6667A000890AAC /* Fonts */ = {
			isa = PBXGroup;
			children = (
				6D26DD171E6667A000890AAC /* AppDelegate.swift */,
				6D26DD1B1E6667A000890AAC /* Main.storyboard */,
				6D26DD1E1E6667A000890AAC /* Assets.xcassets */,
				6D26DD201E6667A000890AAC /* LaunchScreen.storyboard */,
				6D26DD231E6667A000890AAC /* Info.plist */,
				6D26DD291E666AB000890AAC /* RootViewController.swift */,
				6D26DD2B1E666B4D00890AAC /* FavoritesList.swift */,
			);
			path = Fonts;
			sourceTree = "<group>";
		};
/* End PBXGroup section */

/* Begin PBXNativeTarget section */
		6D26DD131E6667A000890AAC /* Fonts */ = {
			isa = PBXNativeTarget;
			buildConfigurationList = 6D26DD261E6667A000890AAC /* Build configuration list for PBXNativeTarget "Fonts" */;
			buildPhases = (
				6D26DD101E6667A000890AAC /* Sources */,
				6D26DD111E6667A000890AAC /* Frameworks */,
				6D26DD121E6667A000890AAC /* Resources */,
			);
			buildRules = (
			);
			dependencies = (
			);
			name = Fonts;
			productName = Fonts;
			productReference = 6D26DD141E6667A000890AAC /* Fonts.app */;
			productType = "com.apple.product-type.application";
		};
/* End PBXNativeTarget section */

/* Begin PBXProject section */
		6D26DD0C1E6667A000890AAC /* Project object */ = {
			isa = PBXProject;
			attributes = {
				LastSwiftUpdateCheck = 0820;
				LastUpgradeCheck = 0820;
				ORGANIZATIONNAME = "Danilo Mutti";
				TargetAttributes = {
					6D26DD131E6667A000890AAC = {
						CreatedOnToolsVersion = 8.2.1;
						DevelopmentTeam = 874M6454WF;
						ProvisioningStyle = Automatic;
					};
				};
			};
			buildConfigurationList = 6D26DD0F1E6667A000890AAC /* Build configuration list for PBXProject "Fonts" */;
			compatibilityVersion = "Xcode 3.2";
			developmentRegion = English;
			hasScannedForEncodings = 0;
			knownRegions = (
				en,
				Base,
			);
			mainGroup = 6D26DD0B1E6667A000890AAC;
			productRefGroup = 6D26DD151E6667A000890AAC /* Products */;
			projectDirPath = "";
			projectRoot = "";
			targets = (
				6D26DD131E6667A000890AAC /* Fonts */,
			);
		};
/* End PBXProject section */

/* Begin PBXResourcesBuildPhase section */
		6D26DD121E6667A000890AAC /* Resources */ = {
			isa = PBXResourcesBuildPhase;
			buildActionMask = 2147483647;
			files = (
				6D26DD221E6667A000890AAC /* LaunchScreen.storyboard in Resources */,
				6D26DD1F1E6667A000890AAC /* Assets.xcassets in Resources */,
				6D26DD1D1E6667A000890AAC /* Main.storyboard in Resources */,
			);
			runOnlyForDeploymentPostprocessing = 0;
		};
/* End PBXResourcesBuildPhase section */

/* Begin PBXSourcesBuildPhase section */
		6D26DD101E6667A000890AAC /* Sources */ = {
			isa = PBXSourcesBuildPhase;
			buildActionMask = 2147483647;
			files = (
				6D26DD2A1E666AB000890AAC /* RootViewController.swift in Sources */,
				6D26DD181E6667A000890AAC /* AppDelegate.swift in Sources */,
				6D26DD2C1E666B4D00890AAC /* FavoritesList.swift in Sources */,
			);
			runOnlyForDeploymentPostprocessing = 0;
		};
/* End PBXSourcesBuildPhase section */

/* Begin PBXVariantGroup section */
		6D26DD1B1E6667A000890AAC /* Main.storyboard */ = {
			isa = PBXVariantGroup;
			children = (
				6D26DD1C1E6667A000890AAC /* Base */,
			);
			name = Main.storyboard;
			sourceTree = "<group>";
		};
		6D26DD201E6667A000890AAC /* LaunchScreen.storyboard */ = {
			isa = PBXVariantGroup;
			children = (
				6D26DD211E6667A000890AAC /* Base */,
			);
			name = LaunchScreen.storyboard;
			sourceTree = "<group>";
		};
/* End PBXVariantGroup section */

/* Begin XCBuildConfiguration section */
		6D26DD241E6667A000890AAC /* Debug */ = {
			isa = XCBuildConfiguration;
			buildSettings = {
				ALWAYS_SEARCH_USER_PATHS = NO;
				CLANG_ANALYZER_NONNULL = YES;
				CLANG_CXX_LANGUAGE_STANDARD = "gnu++0x";
				CLANG_CXX_LIBRARY = "libc++";
				CLANG_ENABLE_MODULES = YES;
				CLANG_ENABLE_OBJC_ARC = YES;
				CLANG_WARN_BOOL_CONVERSION = YES;
				CLANG_WARN_CONSTANT_CONVERSION = YES;
				CLANG_WARN_DIRECT_OBJC_ISA_USAGE = YES_ERROR;
				CLANG_WARN_DOCUMENTATION_COMMENTS = YES;
				CLANG_WARN_EMPTY_BODY = YES;
				CLANG_WARN_ENUM_CONVERSION = YES;
				CLANG_WARN_INFINITE_RECURSION = YES;
				CLANG_WARN_INT_CONVERSION = YES;
				CLANG_WARN_OBJC_ROOT_CLASS = YES_ERROR;
				CLANG_WARN_SUSPICIOUS_MOVE = YES;
				CLANG_WARN_UNREACHABLE_CODE = YES;
				CLANG_WARN__DUPLICATE_METHOD_MATCH = YES;
				"CODE_SIGN_IDENTITY[sdk=iphoneos*]" = "iPhone Developer";
				COPY_PHASE_STRIP = NO;
				DEBUG_INFORMATION_FORMAT = dwarf;
				ENABLE_STRICT_OBJC_MSGSEND = YES;
				ENABLE_TESTABILITY = YES;
				GCC_C_LANGUAGE_STANDARD = gnu99;
				GCC_DYNAMIC_NO_PIC = NO;
				GCC_NO_COMMON_BLOCKS = YES;
				GCC_OPTIMIZATION_LEVEL = 0;
				GCC_PREPROCESSOR_DEFINITIONS = (
					"DEBUG=1",
					"$(inherited)",
				);
				GCC_WARN_64_TO_32_BIT_CONVERSION = YES;
				GCC_WARN_ABOUT_RETURN_TYPE = YES_ERROR;
				GCC_WARN_UNDECLARED_SELECTOR = YES;
				GCC_WARN_UNINITIALIZED_AUTOS = YES_AGGRESSIVE;
				GCC_WARN_UNUSED_FUNCTION = YES;
				GCC_WARN_UNUSED_VARIABLE = YES;
				IPHONEOS_DEPLOYMENT_TARGET = 10.2;
				MTL_ENABLE_DEBUG_INFO = YES;
				ONLY_ACTIVE_ARCH = YES;
				SDKROOT = iphoneos;
				SWIFT_ACTIVE_COMPILATION_CONDITIONS = DEBUG;
				SWIFT_OPTIMIZATION_LEVEL = "-Onone";
			};
			name = Debug;
		};
		6D26DD251E6667A000890AAC /* Release */ = {
			isa = XCBuildConfiguration;
			buildSettings = {
				ALWAYS_SEARCH_USER_PATHS = NO;
				CLANG_ANALYZER_NONNULL = YES;
				CLANG_CXX_LANGUAGE_STANDARD = "gnu++0x";
				CLANG_CXX_LIBRARY = "libc++";
				CLANG_ENABLE_MODULES = YES;
				CLANG_ENABLE_OBJC_ARC = YES;
				CLANG_WARN_BOOL_CONVERSION = YES;
				CLANG_WARN_CONSTANT_CONVERSION = YES;
				CLANG_WARN_DIRECT_OBJC_ISA_USAGE = YES_ERROR;
				CLANG_WARN_DOCUMENTATION_COMMENTS = YES;
				CLANG_WARN_EMPTY_BODY = YES;
				CLANG_WARN_ENUM_CONVERSION = YES;
				CLANG_WARN_INFINITE_RECURSION = YES;
				CLANG_WARN_INT_CONVERSION = YES;
				CLANG_WARN_OBJC_ROOT_CLASS = YES_ERROR;
				CLANG_WARN_SUSPICIOUS_MOVE = YES;
				CLANG_WARN_UNREACHABLE_CODE = YES;
				CLANG_WARN__DUPLICATE_METHOD_MATCH = YES;
				"CODE_SIGN_IDENTITY[sdk=iphoneos*]" = "iPhone Developer";
				COPY_PHASE_STRIP = NO;
				DEBUG_INFORMATION_FORMAT = "dwarf-with-dsym";
				ENABLE_NS_ASSERTIONS = NO;
				ENABLE_STRICT_OBJC_MSGSEND = YES;
				GCC_C_LANGUAGE_STANDARD = gnu99;
				GCC_NO_COMMON_BLOCKS = YES;
				GCC_WARN_64_TO_32_BIT_CONVERSION = YES;
				GCC_WARN_ABOUT_RETURN_TYPE = YES_ERROR;
				GCC_WARN_UNDECLARED_SELECTOR = YES;
				GCC_WARN_UNINITIALIZED_AUTOS = YES_AGGRESSIVE;
				GCC_WARN_UNUSED_FUNCTION = YES;
				GCC_WARN_UNUSED_VARIABLE = YES;
				IPHONEOS_DEPLOYMENT_TARGET = 10.2;
				MTL_ENABLE_DEBUG_INFO = NO;
				SDKROOT = iphoneos;
				SWIFT_OPTIMIZATION_LEVEL = "-Owholemodule";
				VALIDATE_PRODUCT = YES;
			};
			name = Release;
		};
		6D26DD271E6667A000890AAC /* Debug */ = {
			isa = XCBuildConfiguration;
			buildSettings = {
				ASSETCATALOG_COMPILER_APPICON_NAME = AppIcon;
				DEVELOPMENT_TEAM = 874M6454WF;
				INFOPLIST_FILE = Fonts/Info.plist;
				LD_RUNPATH_SEARCH_PATHS = "$(inherited) @executable_path/Frameworks";
				PRODUCT_BUNDLE_IDENTIFIER = org.blocks4j.Fonts;
				PRODUCT_NAME = "$(TARGET_NAME)";
				SWIFT_VERSION = 3.0;
			};
			name = Debug;
		};
		6D26DD281E6667A000890AAC /* Release */ = {
			isa = XCBuildConfiguration;
			buildSettings = {
				ASSETCATALOG_COMPILER_APPICON_NAME = AppIcon;
				DEVELOPMENT_TEAM = 874M6454WF;
				INFOPLIST_FILE = Fonts/Info.plist;
				LD_RUNPATH_SEARCH_PATHS = "$(inherited) @executable_path/Frameworks";
				PRODUCT_BUNDLE_IDENTIFIER = org.blocks4j.Fonts;
				PRODUCT_NAME = "$(TARGET_NAME)";
				SWIFT_VERSION = 3.0;
			};
			name = Release;
		};
/* End XCBuildConfiguration section */

/* Begin XCConfigurationList section */
		6D26DD0F1E6667A000890AAC /* Build configuration list for PBXProject "Fonts" */ = {
			isa = XCConfigurationList;
			buildConfigurations = (
				6D26DD241E6667A000890AAC /* Debug */,
				6D26DD251E6667A000890AAC /* Release */,
			);
			defaultConfigurationIsVisible = 0;
			defaultConfigurationName = Release;
		};
		6D26DD261E6667A000890AAC /* Build configuration list for PBXNativeTarget "Fonts" */ = {
			isa = XCConfigurationList;
			buildConfigurations = (
				6D26DD271E6667A000890AAC /* Debug */,
				6D26DD281E6667A000890AAC /* Release */,
			);
			defaultConfigurationIsVisible = 0;
		};
/* End XCConfigurationList section */
	};
	rootObject = 6D26DD0C1E6667A000890AAC /* Project object */;
}
